
Microsoft Visual Studio Solution File, Format Version 12.00
# Visual Studio 15
VisualStudioVersion = 15.0.26228.4
MinimumVisualStudioVersion = 10.0.40219.1
Project("{FAE04EC0-301F-11D3-BF4B-00C04F79EFBC}") = "STUN", "STUN\STUN.csproj", "{1DCD1909-6602-4B69-B82A-77D7FD8490B3}"
EndProject
Project("{FAE04EC0-301F-11D3-BF4B-00C04F79EFBC}") = "TestApp", "TestApp\TestApp.csproj", "{2F5D24DD-D05E-4616-9B4B-7294A45E5196}"
EndProject
Global
	GlobalSection(SolutionConfigurationPlatforms) = preSolution
		Debug|Any CPU = Debug|Any CPU
		Release|Any CPU = Release|Any CPU
	EndGlobalSection
	GlobalSection(ProjectConfigurationPlatforms) = postSolution
		{1DCD1909-6602-4B69-B82A-77D7FD8490B3}.Debug|Any CPU.ActiveCfg = Debug|Any CPU
		{1DCD1909-6602-4B69-B82A-77D7FD8490B3}.Debug|Any CPU.Build.0 = Debug|Any CPU
		{1DCD1909-6602-4B69-B82A-77D7FD8490B3}.Release|Any CPU.ActiveCfg = Release|Any CPU
		{1DCD1909-6602-4B69-B82A-77D7FD8490B3}.Release|Any CPU.Build.0 = Release|Any CPU
		{2F5D24DD-D05E-4616-9B4B-7294A45E5196}.Debug|Any CPU.ActiveCfg = Debug|Any CPU
		{2F5D24DD-D05E-4616-9B4B-7294A45E5196}.Debug|Any CPU.Build.0 = Debug|Any CPU
		{2F5D24DD-D05E-4616-9B4B-7294A45E5196}.Release|Any CPU.ActiveCfg = Release|Any CPU
		{2F5D24DD-D05E-4616-9B4B-7294A45E5196}.Release|Any CPU.Build.0 = Release|Any CPU
	EndGlobalSection
	GlobalSection(SolutionProperties) = preSolution
		HideSolutionNode = FALSE
	EndGlobalSection
EndGlobal
