
Microsoft Visual Studio Solution File, Format Version 12.00
# Visual Studio 15
VisualStudioVersion = 15.0.26228.4
MinimumVisualStudioVersion = 10.0.40219.1
Project("{9A19103F-16F7-4668-BE54-9A1E7A4F7556}") = "STUN", "STUN\STUN.csproj", "{1DCD1909-6602-4B69-B82A-77D7FD8490B3}"
EndProject
Project("{FAE04EC0-301F-11D3-BF4B-00C04F79EFBC}") = "TestApp", "TestApp\TestApp.csproj", "{39DCB38A-6846-44DD-BC11-84F47D00C09D}"
EndProject
Global
	GlobalSection(SolutionConfigurationPlatforms) = preSolution
		Debug|Any CPU = Debug|Any CPU
		Release|Any CPU = Release|Any CPU
	EndGlobalSection
	GlobalSection(ProjectConfigurationPlatforms) = postSolution
		{1DCD1909-6602-4B69-B82A-77D7FD8490B3}.Debug|Any CPU.ActiveCfg = Debug|Any CPU
		{1DCD1909-6602-4B69-B82A-77D7FD8490B3}.Debug|Any CPU.Build.0 = Debug|Any CPU
		{1DCD1909-6602-4B69-B82A-77D7FD8490B3}.Release|Any CPU.ActiveCfg = Release|Any CPU
		{1DCD1909-6602-4B69-B82A-77D7FD8490B3}.Release|Any CPU.Build.0 = Release|Any CPU
		{39DCB38A-6846-44DD-BC11-84F47D00C09D}.Debug|Any CPU.ActiveCfg = Debug|Any CPU
		{39DCB38A-6846-44DD-BC11-84F47D00C09D}.Debug|Any CPU.Build.0 = Debug|Any CPU
		{39DCB38A-6846-44DD-BC11-84F47D00C09D}.Release|Any CPU.ActiveCfg = Release|Any CPU
		{39DCB38A-6846-44DD-BC11-84F47D00C09D}.Release|Any CPU.Build.0 = Release|Any CPU
	EndGlobalSection
	GlobalSection(SolutionProperties) = preSolution
		HideSolutionNode = FALSE
	EndGlobalSection
	GlobalSection(ExtensibilityGlobals) = postSolution
		SolutionGuid = {18FDC2C4-9F15-4BD6-904E-49301DE1E783}
	EndGlobalSection
EndGlobal
